// !$*UTF8*$!
{
	archiveVersion = 1;
	classes = {
	};
	objectVersion = 56;
	objects = {

/* Begin PBXBuildFile section */
		F5DEB61A2935B1150039BB06 /* AppDelegate.swift in Sources */ = {isa = PBXBuildFile; fileRef = F5DEB6192935B1150039BB06 /* AppDelegate.swift */; };
		F5DEB61C2935B1150039BB06 /* art.scnassets in Resources */ = {isa = PBXBuildFile; fileRef = F5DEB61B2935B1150039BB06 /* art.scnassets */; };
		F5DEB61E2935B1150039BB06 /* ViewController.swift in Sources */ = {isa = PBXBuildFile; fileRef = F5DEB61D2935B1150039BB06 /* ViewController.swift */; };
		F5DEB6212935B1150039BB06 /* Main.storyboard in Resources */ = {isa = PBXBuildFile; fileRef = F5DEB61F2935B1150039BB06 /* Main.storyboard */; };
		F5DEB6232935B1150039BB06 /* Assets.xcassets in Resources */ = {isa = PBXBuildFile; fileRef = F5DEB6222935B1150039BB06 /* Assets.xcassets */; };
		F5DEB6262935B1150039BB06 /* LaunchScreen.storyboard in Resources */ = {isa = PBXBuildFile; fileRef = F5DEB6242935B1150039BB06 /* LaunchScreen.storyboard */; };
		F5DEB6302935B1150039BB06 /* ARImageFinderTests.swift in Sources */ = {isa = PBXBuildFile; fileRef = F5DEB62F2935B1150039BB06 /* ARImageFinderTests.swift */; };
		F5DEB63A2935B1150039BB06 /* ARImageFinderUITests.swift in Sources */ = {isa = PBXBuildFile; fileRef = F5DEB6392935B1150039BB06 /* ARImageFinderUITests.swift */; };
		F5DEB63C2935B1150039BB06 /* ARImageFinderUITestsLaunchTests.swift in Sources */ = {isa = PBXBuildFile; fileRef = F5DEB63B2935B1150039BB06 /* ARImageFinderUITestsLaunchTests.swift */; };
/* End PBXBuildFile section */

/* Begin PBXContainerItemProxy section */
		F5DEB62C2935B1150039BB06 /* PBXContainerItemProxy */ = {
			isa = PBXContainerItemProxy;
			containerPortal = F5DEB60E2935B1150039BB06 /* Project object */;
			proxyType = 1;
			remoteGlobalIDString = F5DEB6152935B1150039BB06;
			remoteInfo = ARImageFinder;
		};
		F5DEB6362935B1150039BB06 /* PBXContainerItemProxy */ = {
			isa = PBXContainerItemProxy;
			containerPortal = F5DEB60E2935B1150039BB06 /* Project object */;
			proxyType = 1;
			remoteGlobalIDString = F5DEB6152935B1150039BB06;
			remoteInfo = ARImageFinder;
		};
/* End PBXContainerItemProxy section */

/* Begin PBXFileReference section */
		F5DEB6162935B1150039BB06 /* ARImageFinder.app */ = {isa = PBXFileReference; explicitFileType = wrapper.application; includeInIndex = 0; path = ARImageFinder.app; sourceTree = BUILT_PRODUCTS_DIR; };
		F5DEB6192935B1150039BB06 /* AppDelegate.swift */ = {isa = PBXFileReference; lastKnownFileType = sourcecode.swift; path = AppDelegate.swift; sourceTree = "<group>"; };
		F5DEB61B2935B1150039BB06 /* art.scnassets */ = {isa = PBXFileReference; lastKnownFileType = wrapper.scnassets; path = art.scnassets; sourceTree = "<group>"; };
		F5DEB61D2935B1150039BB06 /* ViewController.swift */ = {isa = PBXFileReference; lastKnownFileType = sourcecode.swift; path = ViewController.swift; sourceTree = "<group>"; };
		F5DEB6202935B1150039BB06 /* Base */ = {isa = PBXFileReference; lastKnownFileType = file.storyboard; name = Base; path = Base.lproj/Main.storyboard; sourceTree = "<group>"; };
		F5DEB6222935B1150039BB06 /* Assets.xcassets */ = {isa = PBXFileReference; lastKnownFileType = folder.assetcatalog; path = Assets.xcassets; sourceTree = "<group>"; };
		F5DEB6252935B1150039BB06 /* Base */ = {isa = PBXFileReference; lastKnownFileType = file.storyboard; name = Base; path = Base.lproj/LaunchScreen.storyboard; sourceTree = "<group>"; };
		F5DEB62B2935B1150039BB06 /* ARImageFinderTests.xctest */ = {isa = PBXFileReference; explicitFileType = wrapper.cfbundle; includeInIndex = 0; path = ARImageFinderTests.xctest; sourceTree = BUILT_PRODUCTS_DIR; };
		F5DEB62F2935B1150039BB06 /* ARImageFinderTests.swift */ = {isa = PBXFileReference; lastKnownFileType = sourcecode.swift; path = ARImageFinderTests.swift; sourceTree = "<group>"; };
		F5DEB6352935B1150039BB06 /* ARImageFinderUITests.xctest */ = {isa = PBXFileReference; explicitFileType = wrapper.cfbundle; includeInIndex = 0; path = ARImageFinderUITests.xctest; sourceTree = BUILT_PRODUCTS_DIR; };
		F5DEB6392935B1150039BB06 /* ARImageFinderUITests.swift */ = {isa = PBXFileReference; lastKnownFileType = sourcecode.swift; path = ARImageFinderUITests.swift; sourceTree = "<group>"; };
		F5DEB63B2935B1150039BB06 /* ARImageFinderUITestsLaunchTests.swift */ = {isa = PBXFileReference; lastKnownFileType = sourcecode.swift; path = ARImageFinderUITestsLaunchTests.swift; sourceTree = "<group>"; };
/* End PBXFileReference section */

/* Begin PBXFrameworksBuildPhase section */
		F5DEB6132935B1150039BB06 /* Frameworks */ = {
			isa = PBXFrameworksBuildPhase;
			buildActionMask = 2147483647;
			files = (
			);
			runOnlyForDeploymentPostprocessing = 0;
		};
		F5DEB6282935B1150039BB06 /* Frameworks */ = {
			isa = PBXFrameworksBuildPhase;
			buildActionMask = 2147483647;
			files = (
			);
			runOnlyForDeploymentPostprocessing = 0;
		};
		F5DEB6322935B1150039BB06 /* Frameworks */ = {
			isa = PBXFrameworksBuildPhase;
			buildActionMask = 2147483647;
			files = (
			);
			runOnlyForDeploymentPostprocessing = 0;
		};
/* End PBXFrameworksBuildPhase section */

/* Begin PBXGroup section */
		F5DEB60D2935B1150039BB06 = {
			isa = PBXGroup;
			children = (
				F5DEB6182935B1150039BB06 /* ARImageFinder */,
				F5DEB62E2935B1150039BB06 /* ARImageFinderTests */,
				F5DEB6382935B1150039BB06 /* ARImageFinderUITests */,
				F5DEB6172935B1150039BB06 /* Products */,
			);
			sourceTree = "<group>";
		};
		F5DEB6172935B1150039BB06 /* Products */ = {
			isa = PBXGroup;
			children = (
				F5DEB6162935B1150039BB06 /* ARImageFinder.app */,
				F5DEB62B2935B1150039BB06 /* ARImageFinderTests.xctest */,
				F5DEB6352935B1150039BB06 /* ARImageFinderUITests.xctest */,
			);
			name = Products;
			sourceTree = "<group>";
		};
		F5DEB6182935B1150039BB06 /* ARImageFinder */ = {
			isa = PBXGroup;
			children = (
				F5DEB6192935B1150039BB06 /* AppDelegate.swift */,
				F5DEB61B2935B1150039BB06 /* art.scnassets */,
				F5DEB61D2935B1150039BB06 /* ViewController.swift */,
				F5DEB61F2935B1150039BB06 /* Main.storyboard */,
				F5DEB6222935B1150039BB06 /* Assets.xcassets */,
				F5DEB6242935B1150039BB06 /* LaunchScreen.storyboard */,
			);
			path = ARImageFinder;
			sourceTree = "<group>";
		};
		F5DEB62E2935B1150039BB06 /* ARImageFinderTests */ = {
			isa = PBXGroup;
			children = (
				F5DEB62F2935B1150039BB06 /* ARImageFinderTests.swift */,
			);
			path = ARImageFinderTests;
			sourceTree = "<group>";
		};
		F5DEB6382935B1150039BB06 /* ARImageFinderUITests */ = {
			isa = PBXGroup;
			children = (
				F5DEB6392935B1150039BB06 /* ARImageFinderUITests.swift */,
				F5DEB63B2935B1150039BB06 /* ARImageFinderUITestsLaunchTests.swift */,
			);
			path = ARImageFinderUITests;
			sourceTree = "<group>";
		};
/* End PBXGroup section */

/* Begin PBXNativeTarget section */
		F5DEB6152935B1150039BB06 /* ARImageFinder */ = {
			isa = PBXNativeTarget;
			buildConfigurationList = F5DEB63F2935B1150039BB06 /* Build configuration list for PBXNativeTarget "ARImageFinder" */;
			buildPhases = (
				F5DEB6122935B1150039BB06 /* Sources */,
				F5DEB6132935B1150039BB06 /* Frameworks */,
				F5DEB6142935B1150039BB06 /* Resources */,
			);
			buildRules = (
			);
			dependencies = (
			);
			name = ARImageFinder;
			productName = ARImageFinder;
			productReference = F5DEB6162935B1150039BB06 /* ARImageFinder.app */;
			productType = "com.apple.product-type.application";
		};
		F5DEB62A2935B1150039BB06 /* ARImageFinderTests */ = {
			isa = PBXNativeTarget;
			buildConfigurationList = F5DEB6422935B1150039BB06 /* Build configuration list for PBXNativeTarget "ARImageFinderTests" */;
			buildPhases = (
				F5DEB6272935B1150039BB06 /* Sources */,
				F5DEB6282935B1150039BB06 /* Frameworks */,
				F5DEB6292935B1150039BB06 /* Resources */,
			);
			buildRules = (
			);
			dependencies = (
				F5DEB62D2935B1150039BB06 /* PBXTargetDependency */,
			);
			name = ARImageFinderTests;
			productName = ARImageFinderTests;
			productReference = F5DEB62B2935B1150039BB06 /* ARImageFinderTests.xctest */;
			productType = "com.apple.product-type.bundle.unit-test";
		};
		F5DEB6342935B1150039BB06 /* ARImageFinderUITests */ = {
			isa = PBXNativeTarget;
			buildConfigurationList = F5DEB6452935B1150039BB06 /* Build configuration list for PBXNativeTarget "ARImageFinderUITests" */;
			buildPhases = (
				F5DEB6312935B1150039BB06 /* Sources */,
				F5DEB6322935B1150039BB06 /* Frameworks */,
				F5DEB6332935B1150039BB06 /* Resources */,
			);
			buildRules = (
			);
			dependencies = (
				F5DEB6372935B1150039BB06 /* PBXTargetDependency */,
			);
			name = ARImageFinderUITests;
			productName = ARImageFinderUITests;
			productReference = F5DEB6352935B1150039BB06 /* ARImageFinderUITests.xctest */;
			productType = "com.apple.product-type.bundle.ui-testing";
		};
/* End PBXNativeTarget section */

/* Begin PBXProject section */
		F5DEB60E2935B1150039BB06 /* Project object */ = {
			isa = PBXProject;
			attributes = {
				BuildIndependentTargetsInParallel = 1;
				LastSwiftUpdateCheck = 1400;
				LastUpgradeCheck = 1400;
				TargetAttributes = {
					F5DEB6152935B1150039BB06 = {
						CreatedOnToolsVersion = 14.0.1;
					};
					F5DEB62A2935B1150039BB06 = {
						CreatedOnToolsVersion = 14.0.1;
						TestTargetID = F5DEB6152935B1150039BB06;
					};
					F5DEB6342935B1150039BB06 = {
						CreatedOnToolsVersion = 14.0.1;
						TestTargetID = F5DEB6152935B1150039BB06;
					};
				};
			};
			buildConfigurationList = F5DEB6112935B1150039BB06 /* Build configuration list for PBXProject "ARImageFinder" */;
			compatibilityVersion = "Xcode 14.0";
			developmentRegion = en;
			hasScannedForEncodings = 0;
			knownRegions = (
				en,
				Base,
			);
			mainGroup = F5DEB60D2935B1150039BB06;
			productRefGroup = F5DEB6172935B1150039BB06 /* Products */;
			projectDirPath = "";
			projectRoot = "";
			targets = (
				F5DEB6152935B1150039BB06 /* ARImageFinder */,
				F5DEB62A2935B1150039BB06 /* ARImageFinderTests */,
				F5DEB6342935B1150039BB06 /* ARImageFinderUITests */,
			);
		};
/* End PBXProject section */

/* Begin PBXResourcesBuildPhase section */
		F5DEB6142935B1150039BB06 /* Resources */ = {
			isa = PBXResourcesBuildPhase;
			buildActionMask = 2147483647;
			files = (
				F5DEB61C2935B1150039BB06 /* art.scnassets in Resources */,
				F5DEB6262935B1150039BB06 /* LaunchScreen.storyboard in Resources */,
				F5DEB6232935B1150039BB06 /* Assets.xcassets in Resources */,
				F5DEB6212935B1150039BB06 /* Main.storyboard in Resources */,
			);
			runOnlyForDeploymentPostprocessing = 0;
		};
		F5DEB6292935B1150039BB06 /* Resources */ = {
			isa = PBXResourcesBuildPhase;
			buildActionMask = 2147483647;
			files = (
			);
			runOnlyForDeploymentPostprocessing = 0;
		};
		F5DEB6332935B1150039BB06 /* Resources */ = {
			isa = PBXResourcesBuildPhase;
			buildActionMask = 2147483647;
			files = (
			);
			runOnlyForDeploymentPostprocessing = 0;
		};
/* End PBXResourcesBuildPhase section */

/* Begin PBXSourcesBuildPhase section */
		F5DEB6122935B1150039BB06 /* Sources */ = {
			isa = PBXSourcesBuildPhase;
			buildActionMask = 2147483647;
			files = (
				F5DEB61E2935B1150039BB06 /* ViewController.swift in Sources */,
				F5DEB61A2935B1150039BB06 /* AppDelegate.swift in Sources */,
			);
			runOnlyForDeploymentPostprocessing = 0;
		};
		F5DEB6272935B1150039BB06 /* Sources */ = {
			isa = PBXSourcesBuildPhase;
			buildActionMask = 2147483647;
			files = (
				F5DEB6302935B1150039BB06 /* ARImageFinderTests.swift in Sources */,
			);
			runOnlyForDeploymentPostprocessing = 0;
		};
		F5DEB6312935B1150039BB06 /* Sources */ = {
			isa = PBXSourcesBuildPhase;
			buildActionMask = 2147483647;
			files = (
				F5DEB63A2935B1150039BB06 /* ARImageFinderUITests.swift in Sources */,
				F5DEB63C2935B1150039BB06 /* ARImageFinderUITestsLaunchTests.swift in Sources */,
			);
			runOnlyForDeploymentPostprocessing = 0;
		};
/* End PBXSourcesBuildPhase section */

/* Begin PBXTargetDependency section */
		F5DEB62D2935B1150039BB06 /* PBXTargetDependency */ = {
			isa = PBXTargetDependency;
			target = F5DEB6152935B1150039BB06 /* ARImageFinder */;
			targetProxy = F5DEB62C2935B1150039BB06 /* PBXContainerItemProxy */;
		};
		F5DEB6372935B1150039BB06 /* PBXTargetDependency */ = {
			isa = PBXTargetDependency;
			target = F5DEB6152935B1150039BB06 /* ARImageFinder */;
			targetProxy = F5DEB6362935B1150039BB06 /* PBXContainerItemProxy */;
		};
/* End PBXTargetDependency section */

/* Begin PBXVariantGroup section */
		F5DEB61F2935B1150039BB06 /* Main.storyboard */ = {
			isa = PBXVariantGroup;
			children = (
				F5DEB6202935B1150039BB06 /* Base */,
			);
			name = Main.storyboard;
			sourceTree = "<group>";
		};
		F5DEB6242935B1150039BB06 /* LaunchScreen.storyboard */ = {
			isa = PBXVariantGroup;
			children = (
				F5DEB6252935B1150039BB06 /* Base */,
			);
			name = LaunchScreen.storyboard;
			sourceTree = "<group>";
		};
/* End PBXVariantGroup section */

/* Begin XCBuildConfiguration section */
		F5DEB63D2935B1150039BB06 /* Debug */ = {
			isa = XCBuildConfiguration;
			buildSettings = {
				ALWAYS_SEARCH_USER_PATHS = NO;
				CLANG_ANALYZER_NONNULL = YES;
				CLANG_ANALYZER_NUMBER_OBJECT_CONVERSION = YES_AGGRESSIVE;
				CLANG_CXX_LANGUAGE_STANDARD = "gnu++20";
				CLANG_ENABLE_MODULES = YES;
				CLANG_ENABLE_OBJC_ARC = YES;
				CLANG_ENABLE_OBJC_WEAK = YES;
				CLANG_WARN_BLOCK_CAPTURE_AUTORELEASING = YES;
				CLANG_WARN_BOOL_CONVERSION = YES;
				CLANG_WARN_COMMA = YES;
				CLANG_WARN_CONSTANT_CONVERSION = YES;
				CLANG_WARN_DEPRECATED_OBJC_IMPLEMENTATIONS = YES;
				CLANG_WARN_DIRECT_OBJC_ISA_USAGE = YES_ERROR;
				CLANG_WARN_DOCUMENTATION_COMMENTS = YES;
				CLANG_WARN_EMPTY_BODY = YES;
				CLANG_WARN_ENUM_CONVERSION = YES;
				CLANG_WARN_INFINITE_RECURSION = YES;
				CLANG_WARN_INT_CONVERSION = YES;
				CLANG_WARN_NON_LITERAL_NULL_CONVERSION = YES;
				CLANG_WARN_OBJC_IMPLICIT_RETAIN_SELF = YES;
				CLANG_WARN_OBJC_LITERAL_CONVERSION = YES;
				CLANG_WARN_OBJC_ROOT_CLASS = YES_ERROR;
				CLANG_WARN_QUOTED_INCLUDE_IN_FRAMEWORK_HEADER = YES;
				CLANG_WARN_RANGE_LOOP_ANALYSIS = YES;
				CLANG_WARN_STRICT_PROTOTYPES = YES;
				CLANG_WARN_SUSPICIOUS_MOVE = YES;
				CLANG_WARN_UNGUARDED_AVAILABILITY = YES_AGGRESSIVE;
				CLANG_WARN_UNREACHABLE_CODE = YES;
				CLANG_WARN__DUPLICATE_METHOD_MATCH = YES;
				COPY_PHASE_STRIP = NO;
				DEBUG_INFORMATION_FORMAT = dwarf;
				ENABLE_STRICT_OBJC_MSGSEND = YES;
				ENABLE_TESTABILITY = YES;
				GCC_C_LANGUAGE_STANDARD = gnu11;
				GCC_DYNAMIC_NO_PIC = NO;
				GCC_NO_COMMON_BLOCKS = YES;
				GCC_OPTIMIZATION_LEVEL = 0;
				GCC_PREPROCESSOR_DEFINITIONS = (
					"DEBUG=1",
					"$(inherited)",
				);
				GCC_WARN_64_TO_32_BIT_CONVERSION = YES;
				GCC_WARN_ABOUT_RETURN_TYPE = YES_ERROR;
				GCC_WARN_UNDECLARED_SELECTOR = YES;
				GCC_WARN_UNINITIALIZED_AUTOS = YES_AGGRESSIVE;
				GCC_WARN_UNUSED_FUNCTION = YES;
				GCC_WARN_UNUSED_VARIABLE = YES;
				IPHONEOS_DEPLOYMENT_TARGET = 16.0;
				MTL_ENABLE_DEBUG_INFO = INCLUDE_SOURCE;
				MTL_FAST_MATH = YES;
				ONLY_ACTIVE_ARCH = YES;
				SDKROOT = iphoneos;
				SWIFT_ACTIVE_COMPILATION_CONDITIONS = DEBUG;
				SWIFT_OPTIMIZATION_LEVEL = "-Onone";
			};
			name = Debug;
		};
		F5DEB63E2935B1150039BB06 /* Release */ = {
			isa = XCBuildConfiguration;
			buildSettings = {
				ALWAYS_SEARCH_USER_PATHS = NO;
				CLANG_ANALYZER_NONNULL = YES;
				CLANG_ANALYZER_NUMBER_OBJECT_CONVERSION = YES_AGGRESSIVE;
				CLANG_CXX_LANGUAGE_STANDARD = "gnu++20";
				CLANG_ENABLE_MODULES = YES;
				CLANG_ENABLE_OBJC_ARC = YES;
				CLANG_ENABLE_OBJC_WEAK = YES;
				CLANG_WARN_BLOCK_CAPTURE_AUTORELEASING = YES;
				CLANG_WARN_BOOL_CONVERSION = YES;
				CLANG_WARN_COMMA = YES;
				CLANG_WARN_CONSTANT_CONVERSION = YES;
				CLANG_WARN_DEPRECATED_OBJC_IMPLEMENTATIONS = YES;
				CLANG_WARN_DIRECT_OBJC_ISA_USAGE = YES_ERROR;
				CLANG_WARN_DOCUMENTATION_COMMENTS = YES;
				CLANG_WARN_EMPTY_BODY = YES;
				CLANG_WARN_ENUM_CONVERSION = YES;
				CLANG_WARN_INFINITE_RECURSION = YES;
				CLANG_WARN_INT_CONVERSION = YES;
				CLANG_WARN_NON_LITERAL_NULL_CONVERSION = YES;
				CLANG_WARN_OBJC_IMPLICIT_RETAIN_SELF = YES;
				CLANG_WARN_OBJC_LITERAL_CONVERSION = YES;
				CLANG_WARN_OBJC_ROOT_CLASS = YES_ERROR;
				CLANG_WARN_QUOTED_INCLUDE_IN_FRAMEWORK_HEADER = YES;
				CLANG_WARN_RANGE_LOOP_ANALYSIS = YES;
				CLANG_WARN_STRICT_PROTOTYPES = YES;
				CLANG_WARN_SUSPICIOUS_MOVE = YES;
				CLANG_WARN_UNGUARDED_AVAILABILITY = YES_AGGRESSIVE;
				CLANG_WARN_UNREACHABLE_CODE = YES;
				CLANG_WARN__DUPLICATE_METHOD_MATCH = YES;
				COPY_PHASE_STRIP = NO;
				DEBUG_INFORMATION_FORMAT = "dwarf-with-dsym";
				ENABLE_NS_ASSERTIONS = NO;
				ENABLE_STRICT_OBJC_MSGSEND = YES;
				GCC_C_LANGUAGE_STANDARD = gnu11;
				GCC_NO_COMMON_BLOCKS = YES;
				GCC_WARN_64_TO_32_BIT_CONVERSION = YES;
				GCC_WARN_ABOUT_RETURN_TYPE = YES_ERROR;
				GCC_WARN_UNDECLARED_SELECTOR = YES;
				GCC_WARN_UNINITIALIZED_AUTOS = YES_AGGRESSIVE;
				GCC_WARN_UNUSED_FUNCTION = YES;
				GCC_WARN_UNUSED_VARIABLE = YES;
				IPHONEOS_DEPLOYMENT_TARGET = 16.0;
				MTL_ENABLE_DEBUG_INFO = NO;
				MTL_FAST_MATH = YES;
				SDKROOT = iphoneos;
				SWIFT_COMPILATION_MODE = wholemodule;
				SWIFT_OPTIMIZATION_LEVEL = "-O";
				VALIDATE_PRODUCT = YES;
			};
			name = Release;
		};
		F5DEB6402935B1150039BB06 /* Debug */ = {
			isa = XCBuildConfiguration;
			buildSettings = {
				ASSETCATALOG_COMPILER_APPICON_NAME = AppIcon;
				ASSETCATALOG_COMPILER_GLOBAL_ACCENT_COLOR_NAME = AccentColor;
				CODE_SIGN_STYLE = Automatic;
				CURRENT_PROJECT_VERSION = 1;
				GENERATE_INFOPLIST_FILE = YES;
				INFOPLIST_KEY_NSCameraUsageDescription = "";
				INFOPLIST_KEY_UIApplicationSupportsIndirectInputEvents = YES;
				INFOPLIST_KEY_UILaunchStoryboardName = LaunchScreen;
				INFOPLIST_KEY_UIMainStoryboardFile = Main;
				INFOPLIST_KEY_UIRequiredDeviceCapabilities = arkit;
				INFOPLIST_KEY_UIStatusBarHidden = YES;
				INFOPLIST_KEY_UISupportedInterfaceOrientations_iPad = "UIInterfaceOrientationPortrait UIInterfaceOrientationPortraitUpsideDown UIInterfaceOrientationLandscapeLeft UIInterfaceOrientationLandscapeRight";
				INFOPLIST_KEY_UISupportedInterfaceOrientations_iPhone = "UIInterfaceOrientationPortrait UIInterfaceOrientationLandscapeLeft UIInterfaceOrientationLandscapeRight";
				LD_RUNPATH_SEARCH_PATHS = (
					"$(inherited)",
					"@executable_path/Frameworks",
				);
				MARKETING_VERSION = 1.0;
				PRODUCT_BUNDLE_IDENTIFIER = haruki.ARImageFinder;
				PRODUCT_NAME = "$(TARGET_NAME)";
				SWIFT_EMIT_LOC_STRINGS = YES;
				SWIFT_VERSION = 5.0;
				TARGETED_DEVICE_FAMILY = "1,2";
			};
			name = Debug;
		};
		F5DEB6412935B1150039BB06 /* Release */ = {
			isa = XCBuildConfiguration;
			buildSettings = {
				ASSETCATALOG_COMPILER_APPICON_NAME = AppIcon;
				ASSETCATALOG_COMPILER_GLOBAL_ACCENT_COLOR_NAME = AccentColor;
				CODE_SIGN_STYLE = Automatic;
				CURRENT_PROJECT_VERSION = 1;
				GENERATE_INFOPLIST_FILE = YES;
				INFOPLIST_KEY_NSCameraUsageDescription = "";
				INFOPLIST_KEY_UIApplicationSupportsIndirectInputEvents = YES;
				INFOPLIST_KEY_UILaunchStoryboardName = LaunchScreen;
				INFOPLIST_KEY_UIMainStoryboardFile = Main;
				INFOPLIST_KEY_UIRequiredDeviceCapabilities = arkit;
				INFOPLIST_KEY_UIStatusBarHidden = YES;
				INFOPLIST_KEY_UISupportedInterfaceOrientations_iPad = "UIInterfaceOrientationPortrait UIInterfaceOrientationPortraitUpsideDown UIInterfaceOrientationLandscapeLeft UIInterfaceOrientationLandscapeRight";
				INFOPLIST_KEY_UISupportedInterfaceOrientations_iPhone = "UIInterfaceOrientationPortrait UIInterfaceOrientationLandscapeLeft UIInterfaceOrientationLandscapeRight";
				LD_RUNPATH_SEARCH_PATHS = (
					"$(inherited)",
					"@executable_path/Frameworks",
				);
				MARKETING_VERSION = 1.0;
				PRODUCT_BUNDLE_IDENTIFIER = haruki.ARImageFinder;
				PRODUCT_NAME = "$(TARGET_NAME)";
				SWIFT_EMIT_LOC_STRINGS = YES;
				SWIFT_VERSION = 5.0;
				TARGETED_DEVICE_FAMILY = "1,2";
			};
			name = Release;
		};
		F5DEB6432935B1150039BB06 /* Debug */ = {
			isa = XCBuildConfiguration;
			buildSettings = {
				ALWAYS_EMBED_SWIFT_STANDARD_LIBRARIES = YES;
				BUNDLE_LOADER = "$(TEST_HOST)";
				CODE_SIGN_STYLE = Automatic;
				CURRENT_PROJECT_VERSION = 1;
				GENERATE_INFOPLIST_FILE = YES;
				IPHONEOS_DEPLOYMENT_TARGET = 16.0;
				MARKETING_VERSION = 1.0;
				PRODUCT_BUNDLE_IDENTIFIER = haruki.ARImageFinderTests;
				PRODUCT_NAME = "$(TARGET_NAME)";
				SWIFT_EMIT_LOC_STRINGS = NO;
				SWIFT_VERSION = 5.0;
				TARGETED_DEVICE_FAMILY = "1,2";
				TEST_HOST = "$(BUILT_PRODUCTS_DIR)/ARImageFinder.app/$(BUNDLE_EXECUTABLE_FOLDER_PATH)/ARImageFinder";
			};
			name = Debug;
		};
		F5DEB6442935B1150039BB06 /* Release */ = {
			isa = XCBuildConfiguration;
			buildSettings = {
				ALWAYS_EMBED_SWIFT_STANDARD_LIBRARIES = YES;
				BUNDLE_LOADER = "$(TEST_HOST)";
				CODE_SIGN_STYLE = Automatic;
				CURRENT_PROJECT_VERSION = 1;
				GENERATE_INFOPLIST_FILE = YES;
				IPHONEOS_DEPLOYMENT_TARGET = 16.0;
				MARKETING_VERSION = 1.0;
				PRODUCT_BUNDLE_IDENTIFIER = haruki.ARImageFinderTests;
				PRODUCT_NAME = "$(TARGET_NAME)";
				SWIFT_EMIT_LOC_STRINGS = NO;
				SWIFT_VERSION = 5.0;
				TARGETED_DEVICE_FAMILY = "1,2";
				TEST_HOST = "$(BUILT_PRODUCTS_DIR)/ARImageFinder.app/$(BUNDLE_EXECUTABLE_FOLDER_PATH)/ARImageFinder";
			};
			name = Release;
		};
		F5DEB6462935B1150039BB06 /* Debug */ = {
			isa = XCBuildConfiguration;
			buildSettings = {
				ALWAYS_EMBED_SWIFT_STANDARD_LIBRARIES = YES;
				CODE_SIGN_STYLE = Automatic;
				CURRENT_PROJECT_VERSION = 1;
				GENERATE_INFOPLIST_FILE = YES;
				MARKETING_VERSION = 1.0;
				PRODUCT_BUNDLE_IDENTIFIER = haruki.ARImageFinderUITests;
				PRODUCT_NAME = "$(TARGET_NAME)";
				SWIFT_EMIT_LOC_STRINGS = NO;
				SWIFT_VERSION = 5.0;
				TARGETED_DEVICE_FAMILY = "1,2";
				TEST_TARGET_NAME = ARImageFinder;
			};
			name = Debug;
		};
		F5DEB6472935B1150039BB06 /* Release */ = {
			isa = XCBuildConfiguration;
			buildSettings = {
				ALWAYS_EMBED_SWIFT_STANDARD_LIBRARIES = YES;
				CODE_SIGN_STYLE = Automatic;
				CURRENT_PROJECT_VERSION = 1;
				GENERATE_INFOPLIST_FILE = YES;
				MARKETING_VERSION = 1.0;
				PRODUCT_BUNDLE_IDENTIFIER = haruki.ARImageFinderUITests;
				PRODUCT_NAME = "$(TARGET_NAME)";
				SWIFT_EMIT_LOC_STRINGS = NO;
				SWIFT_VERSION = 5.0;
				TARGETED_DEVICE_FAMILY = "1,2";
				TEST_TARGET_NAME = ARImageFinder;
			};
			name = Release;
		};
/* End XCBuildConfiguration section */

/* Begin XCConfigurationList section */
		F5DEB6112935B1150039BB06 /* Build configuration list for PBXProject "ARImageFinder" */ = {
			isa = XCConfigurationList;
			buildConfigurations = (
				F5DEB63D2935B1150039BB06 /* Debug */,
				F5DEB63E2935B1150039BB06 /* Release */,
			);
			defaultConfigurationIsVisible = 0;
			defaultConfigurationName = Release;
		};
		F5DEB63F2935B1150039BB06 /* Build configuration list for PBXNativeTarget "ARImageFinder" */ = {
			isa = XCConfigurationList;
			buildConfigurations = (
				F5DEB6402935B1150039BB06 /* Debug */,
				F5DEB6412935B1150039BB06 /* Release */,
			);
			defaultConfigurationIsVisible = 0;
			defaultConfigurationName = Release;
		};
		F5DEB6422935B1150039BB06 /* Build configuration list for PBXNativeTarget "ARImageFinderTests" */ = {
			isa = XCConfigurationList;
			buildConfigurations = (
				F5DEB6432935B1150039BB06 /* Debug */,
				F5DEB6442935B1150039BB06 /* Release */,
			);
			defaultConfigurationIsVisible = 0;
			defaultConfigurationName = Release;
		};
		F5DEB6452935B1150039BB06 /* Build configuration list for PBXNativeTarget "ARImageFinderUITests" */ = {
			isa = XCConfigurationList;
			buildConfigurations = (
				F5DEB6462935B1150039BB06 /* Debug */,
				F5DEB6472935B1150039BB06 /* Release */,
			);
			defaultConfigurationIsVisible = 0;
			defaultConfigurationName = Release;
		};
/* End XCConfigurationList section */
	};
	rootObject = F5DEB60E2935B1150039BB06 /* Project object */;
}
